
Microsoft Visual Studio Solution File, Format Version 12.00
# Visual Studio Version 17
VisualStudioVersion = 17.8.34511.84
MinimumVisualStudioVersion = 10.0.40219.1
Project("{FAE04EC0-301F-11D3-BF4B-00C04F79EFBC}") = "Exceptions", "Exceptions\Exceptions.csproj", "{0623C743-FEA4-4EDE-838B-4047D6E7A7E3}"
EndProject
Global
	GlobalSection(SolutionConfigurationPlatforms) = preSolution
		Debug|Any CPU = Debug|Any CPU
		Release|Any CPU = Release|Any CPU
	EndGlobalSection
	GlobalSection(ProjectConfigurationPlatforms) = postSolution
		{0623C743-FEA4-4EDE-838B-4047D6E7A7E3}.Debug|Any CPU.ActiveCfg = Debug|Any CPU
		{0623C743-FEA4-4EDE-838B-4047D6E7A7E3}.Debug|Any CPU.Build.0 = Debug|Any CPU
		{0623C743-FEA4-4EDE-838B-4047D6E7A7E3}.Release|Any CPU.ActiveCfg = Release|Any CPU
		{0623C743-FEA4-4EDE-838B-4047D6E7A7E3}.Release|Any CPU.Build.0 = Release|Any CPU
	EndGlobalSection
	GlobalSection(SolutionProperties) = preSolution
		HideSolutionNode = FALSE
	EndGlobalSection
	GlobalSection(ExtensibilityGlobals) = postSolution
		SolutionGuid = {93956880-3680-4DF1-8490-DF32529E37D0}
	EndGlobalSection
EndGlobal
